
Microsoft Visual Studio Solution File, Format Version 12.00
# Visual Studio 15
VisualStudioVersion = 15.0.27130.2036
MinimumVisualStudioVersion = 10.0.40219.1
Project("{FAE04EC0-301F-11D3-BF4B-00C04F79EFBC}") = "MinimumSpanningTrees", "MinimumSpanningTrees\MinimumSpanningTrees.csproj", "{51F73F6C-962D-4D37-8FE3-7503D9AD1926}"
EndProject
Project("{FAE04EC0-301F-11D3-BF4B-00C04F79EFBC}") = "Trees", "Trees\Trees.csproj", "{DD4FB56C-C3B7-4D4D-BEB7-F1CBD85682F0}"
EndProject
Project("{FAE04EC0-301F-11D3-BF4B-00C04F79EFBC}") = "Strings", "Strings\Strings.csproj", "{FA45BD83-2DA5-47A7-ACE1-950BBAC6D128}"
EndProject
Project("{FAE04EC0-301F-11D3-BF4B-00C04F79EFBC}") = "Graphs", "Graphs\Graphs.csproj", "{404748A4-EDF4-442D-86D2-8BB090322E39}"
EndProject
Project("{FAE04EC0-301F-11D3-BF4B-00C04F79EFBC}") = "Utilities", "Utilities\Utilities.csproj", "{21FD205B-EB21-49B6-9132-F6F4E0F5CCB8}"
EndProject
Project("{FAE04EC0-301F-11D3-BF4B-00C04F79EFBC}") = "Sorting", "Sorting\Sorting.csproj", "{2070113E-1F77-4CBA-B32B-3E92D70C6F6F}"
EndProject
Project("{2150E333-8FDC-42A3-9474-1A3956D46DE8}") = "src", "src", "{74E6495B-A4F4-499F-8E98-0603ED34A73A}"
EndProject
Project("{2150E333-8FDC-42A3-9474-1A3956D46DE8}") = "test", "test", "{06497789-65D3-415D-A677-E77159C13371}"
EndProject
Project("{9A19103F-16F7-4668-BE54-9A1E7A4F7556}") = "GraphsTest", "GraphsTest\GraphsTest.csproj", "{C8CC99A4-60EC-4AFD-9F90-499456613DAE}"
EndProject
Project("{9A19103F-16F7-4668-BE54-9A1E7A4F7556}") = "SortingTests", "SortingTests\SortingTests.csproj", "{5C6C5890-44D2-4DB0-A079-AAAF81ECBC30}"
EndProject
Global
	GlobalSection(SolutionConfigurationPlatforms) = preSolution
		Debug|Any CPU = Debug|Any CPU
		Release|Any CPU = Release|Any CPU
	EndGlobalSection
	GlobalSection(ProjectConfigurationPlatforms) = postSolution
		{51F73F6C-962D-4D37-8FE3-7503D9AD1926}.Debug|Any CPU.ActiveCfg = Debug|Any CPU
		{51F73F6C-962D-4D37-8FE3-7503D9AD1926}.Debug|Any CPU.Build.0 = Debug|Any CPU
		{51F73F6C-962D-4D37-8FE3-7503D9AD1926}.Release|Any CPU.ActiveCfg = Release|Any CPU
		{51F73F6C-962D-4D37-8FE3-7503D9AD1926}.Release|Any CPU.Build.0 = Release|Any CPU
		{DD4FB56C-C3B7-4D4D-BEB7-F1CBD85682F0}.Debug|Any CPU.ActiveCfg = Debug|Any CPU
		{DD4FB56C-C3B7-4D4D-BEB7-F1CBD85682F0}.Debug|Any CPU.Build.0 = Debug|Any CPU
		{DD4FB56C-C3B7-4D4D-BEB7-F1CBD85682F0}.Release|Any CPU.ActiveCfg = Release|Any CPU
		{DD4FB56C-C3B7-4D4D-BEB7-F1CBD85682F0}.Release|Any CPU.Build.0 = Release|Any CPU
		{FA45BD83-2DA5-47A7-ACE1-950BBAC6D128}.Debug|Any CPU.ActiveCfg = Debug|Any CPU
		{FA45BD83-2DA5-47A7-ACE1-950BBAC6D128}.Debug|Any CPU.Build.0 = Debug|Any CPU
		{FA45BD83-2DA5-47A7-ACE1-950BBAC6D128}.Release|Any CPU.ActiveCfg = Release|Any CPU
		{FA45BD83-2DA5-47A7-ACE1-950BBAC6D128}.Release|Any CPU.Build.0 = Release|Any CPU
		{404748A4-EDF4-442D-86D2-8BB090322E39}.Debug|Any CPU.ActiveCfg = Debug|Any CPU
		{404748A4-EDF4-442D-86D2-8BB090322E39}.Debug|Any CPU.Build.0 = Debug|Any CPU
		{404748A4-EDF4-442D-86D2-8BB090322E39}.Release|Any CPU.ActiveCfg = Release|Any CPU
		{404748A4-EDF4-442D-86D2-8BB090322E39}.Release|Any CPU.Build.0 = Release|Any CPU
		{21FD205B-EB21-49B6-9132-F6F4E0F5CCB8}.Debug|Any CPU.ActiveCfg = Debug|Any CPU
		{21FD205B-EB21-49B6-9132-F6F4E0F5CCB8}.Debug|Any CPU.Build.0 = Debug|Any CPU
		{21FD205B-EB21-49B6-9132-F6F4E0F5CCB8}.Release|Any CPU.ActiveCfg = Release|Any CPU
		{21FD205B-EB21-49B6-9132-F6F4E0F5CCB8}.Release|Any CPU.Build.0 = Release|Any CPU
		{2070113E-1F77-4CBA-B32B-3E92D70C6F6F}.Debug|Any CPU.ActiveCfg = Debug|Any CPU
		{2070113E-1F77-4CBA-B32B-3E92D70C6F6F}.Debug|Any CPU.Build.0 = Debug|Any CPU
		{2070113E-1F77-4CBA-B32B-3E92D70C6F6F}.Release|Any CPU.ActiveCfg = Release|Any CPU
		{2070113E-1F77-4CBA-B32B-3E92D70C6F6F}.Release|Any CPU.Build.0 = Release|Any CPU
		{C8CC99A4-60EC-4AFD-9F90-499456613DAE}.Debug|Any CPU.ActiveCfg = Debug|Any CPU
		{C8CC99A4-60EC-4AFD-9F90-499456613DAE}.Debug|Any CPU.Build.0 = Debug|Any CPU
		{C8CC99A4-60EC-4AFD-9F90-499456613DAE}.Release|Any CPU.ActiveCfg = Release|Any CPU
		{C8CC99A4-60EC-4AFD-9F90-499456613DAE}.Release|Any CPU.Build.0 = Release|Any CPU
		{5C6C5890-44D2-4DB0-A079-AAAF81ECBC30}.Debug|Any CPU.ActiveCfg = Debug|Any CPU
		{5C6C5890-44D2-4DB0-A079-AAAF81ECBC30}.Debug|Any CPU.Build.0 = Debug|Any CPU
		{5C6C5890-44D2-4DB0-A079-AAAF81ECBC30}.Release|Any CPU.ActiveCfg = Release|Any CPU
		{5C6C5890-44D2-4DB0-A079-AAAF81ECBC30}.Release|Any CPU.Build.0 = Release|Any CPU
	EndGlobalSection
	GlobalSection(SolutionProperties) = preSolution
		HideSolutionNode = FALSE
	EndGlobalSection
	GlobalSection(NestedProjects) = preSolution
		{51F73F6C-962D-4D37-8FE3-7503D9AD1926} = {74E6495B-A4F4-499F-8E98-0603ED34A73A}
		{DD4FB56C-C3B7-4D4D-BEB7-F1CBD85682F0} = {74E6495B-A4F4-499F-8E98-0603ED34A73A}
		{FA45BD83-2DA5-47A7-ACE1-950BBAC6D128} = {74E6495B-A4F4-499F-8E98-0603ED34A73A}
		{404748A4-EDF4-442D-86D2-8BB090322E39} = {74E6495B-A4F4-499F-8E98-0603ED34A73A}
		{21FD205B-EB21-49B6-9132-F6F4E0F5CCB8} = {74E6495B-A4F4-499F-8E98-0603ED34A73A}
		{2070113E-1F77-4CBA-B32B-3E92D70C6F6F} = {74E6495B-A4F4-499F-8E98-0603ED34A73A}
		{C8CC99A4-60EC-4AFD-9F90-499456613DAE} = {06497789-65D3-415D-A677-E77159C13371}
		{5C6C5890-44D2-4DB0-A079-AAAF81ECBC30} = {06497789-65D3-415D-A677-E77159C13371}
	EndGlobalSection
	GlobalSection(ExtensibilityGlobals) = postSolution
		SolutionGuid = {33A05EC4-4E0A-41A4-898B-12A8B71759C8}
	EndGlobalSection
EndGlobal
