
Microsoft Visual Studio Solution File, Format Version 12.00
# Visual Studio 15
VisualStudioVersion = 15.0.26430.12
MinimumVisualStudioVersion = 10.0.40219.1
Project("{FAE04EC0-301F-11D3-BF4B-00C04F79EFBC}") = "_MainNamespace", "02105AlgorithmsImplementations\_MainNamespace.csproj", "{4EA58980-6071-4464-90B4-9820C50A6F99}"
EndProject
Project("{FAE04EC0-301F-11D3-BF4B-00C04F79EFBC}") = "MinimumSpanningTrees", "MinimumSpanningTrees\MinimumSpanningTrees.csproj", "{51F73F6C-962D-4D37-8FE3-7503D9AD1926}"
EndProject
Project("{FAE04EC0-301F-11D3-BF4B-00C04F79EFBC}") = "UnweightedGraphs", "UnweightedGraphs\UnweightedGraphs.csproj", "{5FA2AD5A-084E-475B-92D8-0D0673CD432D}"
EndProject
Project("{FAE04EC0-301F-11D3-BF4B-00C04F79EFBC}") = "DataStructures", "DataStructures\DataStructures.csproj", "{418D964C-CBAA-443C-98A4-5F39AAA01B6A}"
EndProject
Project("{FAE04EC0-301F-11D3-BF4B-00C04F79EFBC}") = "SortingAlgorithms", "SortingAlgorithms\SortingAlgorithms.csproj", "{2070113E-1F77-4CBA-B32B-3E92D70C6F6F}"
EndProject
Project("{FAE04EC0-301F-11D3-BF4B-00C04F79EFBC}") = "EvilAlgorithmsFromHell", "EvilAlgorithmsFromHell\EvilAlgorithmsFromHell.csproj", "{7D2B1752-0183-4574-AA97-4CD522AB669C}"
EndProject
Project("{FAE04EC0-301F-11D3-BF4B-00C04F79EFBC}") = "Trees", "Trees\Trees.csproj", "{DD4FB56C-C3B7-4D4D-BEB7-F1CBD85682F0}"
EndProject
Global
	GlobalSection(SolutionConfigurationPlatforms) = preSolution
		Debug|Any CPU = Debug|Any CPU
		Release|Any CPU = Release|Any CPU
	EndGlobalSection
	GlobalSection(ProjectConfigurationPlatforms) = postSolution
		{4EA58980-6071-4464-90B4-9820C50A6F99}.Debug|Any CPU.ActiveCfg = Debug|Any CPU
		{4EA58980-6071-4464-90B4-9820C50A6F99}.Debug|Any CPU.Build.0 = Debug|Any CPU
		{4EA58980-6071-4464-90B4-9820C50A6F99}.Release|Any CPU.ActiveCfg = Release|Any CPU
		{4EA58980-6071-4464-90B4-9820C50A6F99}.Release|Any CPU.Build.0 = Release|Any CPU
		{51F73F6C-962D-4D37-8FE3-7503D9AD1926}.Debug|Any CPU.ActiveCfg = Debug|Any CPU
		{51F73F6C-962D-4D37-8FE3-7503D9AD1926}.Debug|Any CPU.Build.0 = Debug|Any CPU
		{51F73F6C-962D-4D37-8FE3-7503D9AD1926}.Release|Any CPU.ActiveCfg = Release|Any CPU
		{51F73F6C-962D-4D37-8FE3-7503D9AD1926}.Release|Any CPU.Build.0 = Release|Any CPU
		{5FA2AD5A-084E-475B-92D8-0D0673CD432D}.Debug|Any CPU.ActiveCfg = Debug|Any CPU
		{5FA2AD5A-084E-475B-92D8-0D0673CD432D}.Debug|Any CPU.Build.0 = Debug|Any CPU
		{5FA2AD5A-084E-475B-92D8-0D0673CD432D}.Release|Any CPU.ActiveCfg = Release|Any CPU
		{5FA2AD5A-084E-475B-92D8-0D0673CD432D}.Release|Any CPU.Build.0 = Release|Any CPU
		{418D964C-CBAA-443C-98A4-5F39AAA01B6A}.Debug|Any CPU.ActiveCfg = Debug|Any CPU
		{418D964C-CBAA-443C-98A4-5F39AAA01B6A}.Debug|Any CPU.Build.0 = Debug|Any CPU
		{418D964C-CBAA-443C-98A4-5F39AAA01B6A}.Release|Any CPU.ActiveCfg = Release|Any CPU
		{418D964C-CBAA-443C-98A4-5F39AAA01B6A}.Release|Any CPU.Build.0 = Release|Any CPU
		{2070113E-1F77-4CBA-B32B-3E92D70C6F6F}.Debug|Any CPU.ActiveCfg = Debug|Any CPU
		{2070113E-1F77-4CBA-B32B-3E92D70C6F6F}.Debug|Any CPU.Build.0 = Debug|Any CPU
		{2070113E-1F77-4CBA-B32B-3E92D70C6F6F}.Release|Any CPU.ActiveCfg = Release|Any CPU
		{2070113E-1F77-4CBA-B32B-3E92D70C6F6F}.Release|Any CPU.Build.0 = Release|Any CPU
		{7D2B1752-0183-4574-AA97-4CD522AB669C}.Debug|Any CPU.ActiveCfg = Debug|Any CPU
		{7D2B1752-0183-4574-AA97-4CD522AB669C}.Debug|Any CPU.Build.0 = Debug|Any CPU
		{7D2B1752-0183-4574-AA97-4CD522AB669C}.Release|Any CPU.ActiveCfg = Release|Any CPU
		{7D2B1752-0183-4574-AA97-4CD522AB669C}.Release|Any CPU.Build.0 = Release|Any CPU
		{DD4FB56C-C3B7-4D4D-BEB7-F1CBD85682F0}.Debug|Any CPU.ActiveCfg = Debug|Any CPU
		{DD4FB56C-C3B7-4D4D-BEB7-F1CBD85682F0}.Debug|Any CPU.Build.0 = Debug|Any CPU
		{DD4FB56C-C3B7-4D4D-BEB7-F1CBD85682F0}.Release|Any CPU.ActiveCfg = Release|Any CPU
		{DD4FB56C-C3B7-4D4D-BEB7-F1CBD85682F0}.Release|Any CPU.Build.0 = Release|Any CPU
	EndGlobalSection
	GlobalSection(SolutionProperties) = preSolution
		HideSolutionNode = FALSE
	EndGlobalSection
EndGlobal
